// !$*UTF8*$!
{
	archiveVersion = 1;
	classes = {
	};
	objectVersion = 77;
	objects = {

/* Begin PBXBuildFile section */
		A636EC222D907B8D000609A7 /* Preview Assets.xcassets in Resources */ = {isa = PBXBuildFile; fileRef = A636EC1C2D907B8D000609A7 /* Preview Assets.xcassets */; };
		A636EC232D907B8D000609A7 /* Assets.xcassets in Resources */ = {isa = PBXBuildFile; fileRef = A636EC1E2D907B8D000609A7 /* Assets.xcassets */; };
		A636EC242D907B8D000609A7 /* ContentView.swift in Sources */ = {isa = PBXBuildFile; fileRef = A636EC1F2D907B8D000609A7 /* ContentView.swift */; };
		A636EC252D907B8D000609A7 /* CryptoAppApp.swift in Sources */ = {isa = PBXBuildFile; fileRef = A636EC202D907B8D000609A7 /* CryptoAppApp.swift */; };
		A636EC272D907B96000609A7 /* Exchange.swift in Sources */ = {isa = PBXBuildFile; fileRef = A636EC262D907B93000609A7 /* Exchange.swift */; };
		A636EC2A2D907DE2000609A7 /* ExchangeList.swift in Sources */ = {isa = PBXBuildFile; fileRef = A636EC292D907DE1000609A7 /* ExchangeList.swift */; };
		A636EC302D908128000609A7 /* ExchangeListView.swift in Sources */ = {isa = PBXBuildFile; fileRef = A636EC2F2D908127000609A7 /* ExchangeListView.swift */; };
		A636EC342D908DE6000609A7 /* ExchangeListViewModel.swift in Sources */ = {isa = PBXBuildFile; fileRef = A636EC332D908DDF000609A7 /* ExchangeListViewModel.swift */; };
		A636EC3D2D9092B5000609A7 /* CoinGeckoAPI in Frameworks */ = {isa = PBXBuildFile; productRef = A636EC3C2D9092B5000609A7 /* CoinGeckoAPI */; };
/* End PBXBuildFile section */

/* Begin PBXFileReference section */
		A636EC1C2D907B8D000609A7 /* Preview Assets.xcassets */ = {isa = PBXFileReference; lastKnownFileType = folder.assetcatalog; path = "Preview Assets.xcassets"; sourceTree = "<group>"; };
		A636EC1E2D907B8D000609A7 /* Assets.xcassets */ = {isa = PBXFileReference; lastKnownFileType = folder.assetcatalog; path = Assets.xcassets; sourceTree = "<group>"; };
		A636EC1F2D907B8D000609A7 /* ContentView.swift */ = {isa = PBXFileReference; lastKnownFileType = sourcecode.swift; path = ContentView.swift; sourceTree = "<group>"; };
		A636EC202D907B8D000609A7 /* CryptoAppApp.swift */ = {isa = PBXFileReference; lastKnownFileType = sourcecode.swift; path = CryptoAppApp.swift; sourceTree = "<group>"; };
		A636EC262D907B93000609A7 /* Exchange.swift */ = {isa = PBXFileReference; lastKnownFileType = sourcecode.swift; path = Exchange.swift; sourceTree = "<group>"; };
		A636EC292D907DE1000609A7 /* ExchangeList.swift */ = {isa = PBXFileReference; lastKnownFileType = sourcecode.swift; path = ExchangeList.swift; sourceTree = "<group>"; };
		A636EC2F2D908127000609A7 /* ExchangeListView.swift */ = {isa = PBXFileReference; lastKnownFileType = sourcecode.swift; path = ExchangeListView.swift; sourceTree = "<group>"; };
		A636EC332D908DDF000609A7 /* ExchangeListViewModel.swift */ = {isa = PBXFileReference; lastKnownFileType = sourcecode.swift; path = ExchangeListViewModel.swift; sourceTree = "<group>"; };
		A636EC3A2D9092A9000609A7 /* CoinGeckoAPI */ = {isa = PBXFileReference; lastKnownFileType = wrapper; name = CoinGeckoAPI; path = /Users/simondelgado/Downloads/CoinGeckoAPI; sourceTree = "<absolute>"; };
		A63DB1612D8C788C00A50219 /* CryptoApp.app */ = {isa = PBXFileReference; explicitFileType = wrapper.application; includeInIndex = 0; path = CryptoApp.app; sourceTree = BUILT_PRODUCTS_DIR; };
/* End PBXFileReference section */

/* Begin PBXFrameworksBuildPhase section */
		A63DB15E2D8C788C00A50219 /* Frameworks */ = {
			isa = PBXFrameworksBuildPhase;
			buildActionMask = 2147483647;
			files = (
				A636EC3D2D9092B5000609A7 /* CoinGeckoAPI in Frameworks */,
			);
			runOnlyForDeploymentPostprocessing = 0;
		};
/* End PBXFrameworksBuildPhase section */

/* Begin PBXGroup section */
		A636EC1B2D907B8D000609A7 /* Models */ = {
			isa = PBXGroup;
			children = (
				A636EC292D907DE1000609A7 /* ExchangeList.swift */,
				A636EC262D907B93000609A7 /* Exchange.swift */,
			);
			path = Models;
			sourceTree = "<group>";
		};
		A636EC1D2D907B8D000609A7 /* Preview Content */ = {
			isa = PBXGroup;
			children = (
				A636EC1C2D907B8D000609A7 /* Preview Assets.xcassets */,
			);
			path = "Preview Content";
			sourceTree = "<group>";
		};
		A636EC212D907B8D000609A7 /* CryptoApp */ = {
			isa = PBXGroup;
			children = (
				A636EC2B2D9080F1000609A7 /* Core */,
				A636EC1B2D907B8D000609A7 /* Models */,
				A636EC1D2D907B8D000609A7 /* Preview Content */,
				A636EC1E2D907B8D000609A7 /* Assets.xcassets */,
				A636EC1F2D907B8D000609A7 /* ContentView.swift */,
				A636EC202D907B8D000609A7 /* CryptoAppApp.swift */,
			);
			path = CryptoApp;
			sourceTree = "<group>";
		};
		A636EC2B2D9080F1000609A7 /* Core */ = {
			isa = PBXGroup;
			children = (
				A636EC2E2D90811A000609A7 /* ExchangeListView */,
			);
			path = Core;
			sourceTree = "<group>";
		};
		A636EC2E2D90811A000609A7 /* ExchangeListView */ = {
			isa = PBXGroup;
			children = (
				A636EC332D908DDF000609A7 /* ExchangeListViewModel.swift */,
				A636EC2F2D908127000609A7 /* ExchangeListView.swift */,
			);
			path = ExchangeListView;
			sourceTree = "<group>";
		};
		A636EC3B2D9092B5000609A7 /* Frameworks */ = {
			isa = PBXGroup;
			children = (
			);
			name = Frameworks;
			sourceTree = "<group>";
		};
		A63DB1582D8C788C00A50219 = {
			isa = PBXGroup;
			children = (
				A636EC212D907B8D000609A7 /* CryptoApp */,
				A63DB1622D8C788C00A50219 /* Products */,
				A636EC3A2D9092A9000609A7 /* CoinGeckoAPI */,
				A636EC3B2D9092B5000609A7 /* Frameworks */,
			);
			sourceTree = "<group>";
		};
		A63DB1622D8C788C00A50219 /* Products */ = {
			isa = PBXGroup;
			children = (
				A63DB1612D8C788C00A50219 /* CryptoApp.app */,
			);
			name = Products;
			sourceTree = "<group>";
		};
/* End PBXGroup section */

/* Begin PBXNativeTarget section */
		A63DB1602D8C788C00A50219 /* CryptoApp */ = {
			isa = PBXNativeTarget;
			buildConfigurationList = A63DB16F2D8C788E00A50219 /* Build configuration list for PBXNativeTarget "CryptoApp" */;
			buildPhases = (
				A63DB15D2D8C788C00A50219 /* Sources */,
				A63DB15E2D8C788C00A50219 /* Frameworks */,
				A63DB15F2D8C788C00A50219 /* Resources */,
			);
			buildRules = (
			);
			dependencies = (
				A63DB1762D8C7A1E00A50219 /* PBXTargetDependency */,
			);
			name = CryptoApp;
			packageProductDependencies = (
				A636EC3C2D9092B5000609A7 /* CoinGeckoAPI */,
			);
			productName = CryptoApp;
			productReference = A63DB1612D8C788C00A50219 /* CryptoApp.app */;
			productType = "com.apple.product-type.application";
		};
/* End PBXNativeTarget section */

/* Begin PBXProject section */
		A63DB1592D8C788C00A50219 /* Project object */ = {
			isa = PBXProject;
			attributes = {
				BuildIndependentTargetsInParallel = 1;
				LastSwiftUpdateCheck = 1610;
				LastUpgradeCheck = 1610;
				TargetAttributes = {
					A63DB1602D8C788C00A50219 = {
						CreatedOnToolsVersion = 16.1;
					};
				};
			};
			buildConfigurationList = A63DB15C2D8C788C00A50219 /* Build configuration list for PBXProject "CryptoApp" */;
			developmentRegion = en;
			hasScannedForEncodings = 0;
			knownRegions = (
				en,
				Base,
			);
			mainGroup = A63DB1582D8C788C00A50219;
			minimizedProjectReferenceProxies = 1;
			packageReferences = (
				A63DB1722D8C7A1300A50219 /* XCRemoteSwiftPackageReference "SwiftLint" */,
			);
			preferredProjectObjectVersion = 77;
			productRefGroup = A63DB1622D8C788C00A50219 /* Products */;
			projectDirPath = "";
			projectRoot = "";
			targets = (
				A63DB1602D8C788C00A50219 /* CryptoApp */,
			);
		};
/* End PBXProject section */

/* Begin PBXResourcesBuildPhase section */
		A63DB15F2D8C788C00A50219 /* Resources */ = {
			isa = PBXResourcesBuildPhase;
			buildActionMask = 2147483647;
			files = (
				A636EC222D907B8D000609A7 /* Preview Assets.xcassets in Resources */,
				A636EC232D907B8D000609A7 /* Assets.xcassets in Resources */,
			);
			runOnlyForDeploymentPostprocessing = 0;
		};
/* End PBXResourcesBuildPhase section */

/* Begin PBXSourcesBuildPhase section */
		A63DB15D2D8C788C00A50219 /* Sources */ = {
			isa = PBXSourcesBuildPhase;
			buildActionMask = 2147483647;
			files = (
				A636EC302D908128000609A7 /* ExchangeListView.swift in Sources */,
				A636EC2A2D907DE2000609A7 /* ExchangeList.swift in Sources */,
				A636EC242D907B8D000609A7 /* ContentView.swift in Sources */,
				A636EC342D908DE6000609A7 /* ExchangeListViewModel.swift in Sources */,
				A636EC252D907B8D000609A7 /* CryptoAppApp.swift in Sources */,
				A636EC272D907B96000609A7 /* Exchange.swift in Sources */,
			);
			runOnlyForDeploymentPostprocessing = 0;
		};
/* End PBXSourcesBuildPhase section */

/* Begin PBXTargetDependency section */
		A63DB1762D8C7A1E00A50219 /* PBXTargetDependency */ = {
			isa = PBXTargetDependency;
			productRef = A63DB1752D8C7A1E00A50219 /* SwiftLintBuildToolPlugin */;
		};
/* End PBXTargetDependency section */

/* Begin XCBuildConfiguration section */
		A63DB16D2D8C788E00A50219 /* Debug */ = {
			isa = XCBuildConfiguration;
			buildSettings = {
				ALWAYS_SEARCH_USER_PATHS = NO;
				ASSETCATALOG_COMPILER_GENERATE_SWIFT_ASSET_SYMBOL_EXTENSIONS = YES;
				CLANG_ANALYZER_NONNULL = YES;
				CLANG_ANALYZER_NUMBER_OBJECT_CONVERSION = YES_AGGRESSIVE;
				CLANG_CXX_LANGUAGE_STANDARD = "gnu++20";
				CLANG_ENABLE_MODULES = YES;
				CLANG_ENABLE_OBJC_ARC = YES;
				CLANG_ENABLE_OBJC_WEAK = YES;
				CLANG_WARN_BLOCK_CAPTURE_AUTORELEASING = YES;
				CLANG_WARN_BOOL_CONVERSION = YES;
				CLANG_WARN_COMMA = YES;
				CLANG_WARN_CONSTANT_CONVERSION = YES;
				CLANG_WARN_DEPRECATED_OBJC_IMPLEMENTATIONS = YES;
				CLANG_WARN_DIRECT_OBJC_ISA_USAGE = YES_ERROR;
				CLANG_WARN_DOCUMENTATION_COMMENTS = YES;
				CLANG_WARN_EMPTY_BODY = YES;
				CLANG_WARN_ENUM_CONVERSION = YES;
				CLANG_WARN_INFINITE_RECURSION = YES;
				CLANG_WARN_INT_CONVERSION = YES;
				CLANG_WARN_NON_LITERAL_NULL_CONVERSION = YES;
				CLANG_WARN_OBJC_IMPLICIT_RETAIN_SELF = YES;
				CLANG_WARN_OBJC_LITERAL_CONVERSION = YES;
				CLANG_WARN_OBJC_ROOT_CLASS = YES_ERROR;
				CLANG_WARN_QUOTED_INCLUDE_IN_FRAMEWORK_HEADER = YES;
				CLANG_WARN_RANGE_LOOP_ANALYSIS = YES;
				CLANG_WARN_STRICT_PROTOTYPES = YES;
				CLANG_WARN_SUSPICIOUS_MOVE = YES;
				CLANG_WARN_UNGUARDED_AVAILABILITY = YES_AGGRESSIVE;
				CLANG_WARN_UNREACHABLE_CODE = YES;
				CLANG_WARN__DUPLICATE_METHOD_MATCH = YES;
				COPY_PHASE_STRIP = NO;
				DEBUG_INFORMATION_FORMAT = dwarf;
				ENABLE_STRICT_OBJC_MSGSEND = YES;
				ENABLE_TESTABILITY = YES;
				ENABLE_USER_SCRIPT_SANDBOXING = YES;
				GCC_C_LANGUAGE_STANDARD = gnu17;
				GCC_DYNAMIC_NO_PIC = NO;
				GCC_NO_COMMON_BLOCKS = YES;
				GCC_OPTIMIZATION_LEVEL = 0;
				GCC_PREPROCESSOR_DEFINITIONS = (
					"DEBUG=1",
					"$(inherited)",
				);
				GCC_WARN_64_TO_32_BIT_CONVERSION = YES;
				GCC_WARN_ABOUT_RETURN_TYPE = YES_ERROR;
				GCC_WARN_UNDECLARED_SELECTOR = YES;
				GCC_WARN_UNINITIALIZED_AUTOS = YES_AGGRESSIVE;
				GCC_WARN_UNUSED_FUNCTION = YES;
				GCC_WARN_UNUSED_VARIABLE = YES;
				IPHONEOS_DEPLOYMENT_TARGET = 18.1;
				LOCALIZATION_PREFERS_STRING_CATALOGS = YES;
				MTL_ENABLE_DEBUG_INFO = INCLUDE_SOURCE;
				MTL_FAST_MATH = YES;
				ONLY_ACTIVE_ARCH = YES;
				SDKROOT = iphoneos;
				SWIFT_ACTIVE_COMPILATION_CONDITIONS = "DEBUG $(inherited)";
				SWIFT_OPTIMIZATION_LEVEL = "-Onone";
			};
			name = Debug;
		};
		A63DB16E2D8C788E00A50219 /* Release */ = {
			isa = XCBuildConfiguration;
			buildSettings = {
				ALWAYS_SEARCH_USER_PATHS = NO;
				ASSETCATALOG_COMPILER_GENERATE_SWIFT_ASSET_SYMBOL_EXTENSIONS = YES;
				CLANG_ANALYZER_NONNULL = YES;
				CLANG_ANALYZER_NUMBER_OBJECT_CONVERSION = YES_AGGRESSIVE;
				CLANG_CXX_LANGUAGE_STANDARD = "gnu++20";
				CLANG_ENABLE_MODULES = YES;
				CLANG_ENABLE_OBJC_ARC = YES;
				CLANG_ENABLE_OBJC_WEAK = YES;
				CLANG_WARN_BLOCK_CAPTURE_AUTORELEASING = YES;
				CLANG_WARN_BOOL_CONVERSION = YES;
				CLANG_WARN_COMMA = YES;
				CLANG_WARN_CONSTANT_CONVERSION = YES;
				CLANG_WARN_DEPRECATED_OBJC_IMPLEMENTATIONS = YES;
				CLANG_WARN_DIRECT_OBJC_ISA_USAGE = YES_ERROR;
				CLANG_WARN_DOCUMENTATION_COMMENTS = YES;
				CLANG_WARN_EMPTY_BODY = YES;
				CLANG_WARN_ENUM_CONVERSION = YES;
				CLANG_WARN_INFINITE_RECURSION = YES;
				CLANG_WARN_INT_CONVERSION = YES;
				CLANG_WARN_NON_LITERAL_NULL_CONVERSION = YES;
				CLANG_WARN_OBJC_IMPLICIT_RETAIN_SELF = YES;
				CLANG_WARN_OBJC_LITERAL_CONVERSION = YES;
				CLANG_WARN_OBJC_ROOT_CLASS = YES_ERROR;
				CLANG_WARN_QUOTED_INCLUDE_IN_FRAMEWORK_HEADER = YES;
				CLANG_WARN_RANGE_LOOP_ANALYSIS = YES;
				CLANG_WARN_STRICT_PROTOTYPES = YES;
				CLANG_WARN_SUSPICIOUS_MOVE = YES;
				CLANG_WARN_UNGUARDED_AVAILABILITY = YES_AGGRESSIVE;
				CLANG_WARN_UNREACHABLE_CODE = YES;
				CLANG_WARN__DUPLICATE_METHOD_MATCH = YES;
				COPY_PHASE_STRIP = NO;
				DEBUG_INFORMATION_FORMAT = "dwarf-with-dsym";
				ENABLE_NS_ASSERTIONS = NO;
				ENABLE_STRICT_OBJC_MSGSEND = YES;
				ENABLE_USER_SCRIPT_SANDBOXING = YES;
				GCC_C_LANGUAGE_STANDARD = gnu17;
				GCC_NO_COMMON_BLOCKS = YES;
				GCC_WARN_64_TO_32_BIT_CONVERSION = YES;
				GCC_WARN_ABOUT_RETURN_TYPE = YES_ERROR;
				GCC_WARN_UNDECLARED_SELECTOR = YES;
				GCC_WARN_UNINITIALIZED_AUTOS = YES_AGGRESSIVE;
				GCC_WARN_UNUSED_FUNCTION = YES;
				GCC_WARN_UNUSED_VARIABLE = YES;
				IPHONEOS_DEPLOYMENT_TARGET = 18.1;
				LOCALIZATION_PREFERS_STRING_CATALOGS = YES;
				MTL_ENABLE_DEBUG_INFO = NO;
				MTL_FAST_MATH = YES;
				SDKROOT = iphoneos;
				SWIFT_COMPILATION_MODE = wholemodule;
				VALIDATE_PRODUCT = YES;
			};
			name = Release;
		};
		A63DB1702D8C788E00A50219 /* Debug */ = {
			isa = XCBuildConfiguration;
			buildSettings = {
				ASSETCATALOG_COMPILER_APPICON_NAME = AppIcon;
				ASSETCATALOG_COMPILER_GLOBAL_ACCENT_COLOR_NAME = AccentColor;
				CODE_SIGN_STYLE = Automatic;
				CURRENT_PROJECT_VERSION = 1;
				DEVELOPMENT_ASSET_PATHS = "\"CryptoApp/Preview Content\"";
				ENABLE_PREVIEWS = YES;
				GENERATE_INFOPLIST_FILE = YES;
				INFOPLIST_KEY_UIApplicationSceneManifest_Generation = YES;
				INFOPLIST_KEY_UIApplicationSupportsIndirectInputEvents = YES;
				INFOPLIST_KEY_UILaunchScreen_Generation = YES;
				INFOPLIST_KEY_UISupportedInterfaceOrientations_iPad = "UIInterfaceOrientationPortrait UIInterfaceOrientationPortraitUpsideDown UIInterfaceOrientationLandscapeLeft UIInterfaceOrientationLandscapeRight";
				INFOPLIST_KEY_UISupportedInterfaceOrientations_iPhone = "UIInterfaceOrientationPortrait UIInterfaceOrientationLandscapeLeft UIInterfaceOrientationLandscapeRight";
				IPHONEOS_DEPLOYMENT_TARGET = 18.0;
				LD_RUNPATH_SEARCH_PATHS = (
					"$(inherited)",
					"@executable_path/Frameworks",
				);
				MARKETING_VERSION = 1.0;
				PRODUCT_BUNDLE_IDENTIFIER = com.simondv.CryptoApp;
				PRODUCT_NAME = "$(TARGET_NAME)";
				SWIFT_EMIT_LOC_STRINGS = YES;
				SWIFT_VERSION = 5.0;
				TARGETED_DEVICE_FAMILY = "1,2";
			};
			name = Debug;
		};
		A63DB1712D8C788E00A50219 /* Release */ = {
			isa = XCBuildConfiguration;
			buildSettings = {
				ASSETCATALOG_COMPILER_APPICON_NAME = AppIcon;
				ASSETCATALOG_COMPILER_GLOBAL_ACCENT_COLOR_NAME = AccentColor;
				CODE_SIGN_STYLE = Automatic;
				CURRENT_PROJECT_VERSION = 1;
				DEVELOPMENT_ASSET_PATHS = "\"CryptoApp/Preview Content\"";
				ENABLE_PREVIEWS = YES;
				GENERATE_INFOPLIST_FILE = YES;
				INFOPLIST_KEY_UIApplicationSceneManifest_Generation = YES;
				INFOPLIST_KEY_UIApplicationSupportsIndirectInputEvents = YES;
				INFOPLIST_KEY_UILaunchScreen_Generation = YES;
				INFOPLIST_KEY_UISupportedInterfaceOrientations_iPad = "UIInterfaceOrientationPortrait UIInterfaceOrientationPortraitUpsideDown UIInterfaceOrientationLandscapeLeft UIInterfaceOrientationLandscapeRight";
				INFOPLIST_KEY_UISupportedInterfaceOrientations_iPhone = "UIInterfaceOrientationPortrait UIInterfaceOrientationLandscapeLeft UIInterfaceOrientationLandscapeRight";
				IPHONEOS_DEPLOYMENT_TARGET = 18.0;
				LD_RUNPATH_SEARCH_PATHS = (
					"$(inherited)",
					"@executable_path/Frameworks",
				);
				MARKETING_VERSION = 1.0;
				PRODUCT_BUNDLE_IDENTIFIER = com.simondv.CryptoApp;
				PRODUCT_NAME = "$(TARGET_NAME)";
				SWIFT_EMIT_LOC_STRINGS = YES;
				SWIFT_VERSION = 5.0;
				TARGETED_DEVICE_FAMILY = "1,2";
			};
			name = Release;
		};
/* End XCBuildConfiguration section */

/* Begin XCConfigurationList section */
		A63DB15C2D8C788C00A50219 /* Build configuration list for PBXProject "CryptoApp" */ = {
			isa = XCConfigurationList;
			buildConfigurations = (
				A63DB16D2D8C788E00A50219 /* Debug */,
				A63DB16E2D8C788E00A50219 /* Release */,
			);
			defaultConfigurationIsVisible = 0;
			defaultConfigurationName = Release;
		};
		A63DB16F2D8C788E00A50219 /* Build configuration list for PBXNativeTarget "CryptoApp" */ = {
			isa = XCConfigurationList;
			buildConfigurations = (
				A63DB1702D8C788E00A50219 /* Debug */,
				A63DB1712D8C788E00A50219 /* Release */,
			);
			defaultConfigurationIsVisible = 0;
			defaultConfigurationName = Release;
		};
/* End XCConfigurationList section */

/* Begin XCRemoteSwiftPackageReference section */
		A63DB1722D8C7A1300A50219 /* XCRemoteSwiftPackageReference "SwiftLint" */ = {
			isa = XCRemoteSwiftPackageReference;
			repositoryURL = "https://github.com/realm/SwiftLint";
			requirement = {
				kind = upToNextMajorVersion;
				minimumVersion = 0.58.2;
			};
		};
/* End XCRemoteSwiftPackageReference section */

/* Begin XCSwiftPackageProductDependency section */
		A636EC3C2D9092B5000609A7 /* CoinGeckoAPI */ = {
			isa = XCSwiftPackageProductDependency;
			productName = CoinGeckoAPI;
		};
		A63DB1752D8C7A1E00A50219 /* SwiftLintBuildToolPlugin */ = {
			isa = XCSwiftPackageProductDependency;
			package = A63DB1722D8C7A1300A50219 /* XCRemoteSwiftPackageReference "SwiftLint" */;
			productName = "plugin:SwiftLintBuildToolPlugin";
		};
/* End XCSwiftPackageProductDependency section */
	};
	rootObject = A63DB1592D8C788C00A50219 /* Project object */;
}
